
Microsoft Visual Studio Solution File, Format Version 12.00
# Visual Studio Version 17
VisualStudioVersion = 17.14.36127.28 d17.14
MinimumVisualStudioVersion = 10.0.40219.1
Project("{FAE04EC0-301F-11D3-BF4B-00C04F79EFBC}") = "LojaSeuManoel.WebApi.Test", "LojaSeuManoel.WebApi.Test.csproj", "{4D15EFC9-B22B-E712-C40C-89A4475204BB}"
EndProject
Global
	GlobalSection(SolutionConfigurationPlatforms) = preSolution
		Debug|Any CPU = Debug|Any CPU
		Release|Any CPU = Release|Any CPU
	EndGlobalSection
	GlobalSection(ProjectConfigurationPlatforms) = postSolution
		{4D15EFC9-B22B-E712-C40C-89A4475204BB}.Debug|Any CPU.ActiveCfg = Debug|Any CPU
		{4D15EFC9-B22B-E712-C40C-89A4475204BB}.Debug|Any CPU.Build.0 = Debug|Any CPU
		{4D15EFC9-B22B-E712-C40C-89A4475204BB}.Release|Any CPU.ActiveCfg = Release|Any CPU
		{4D15EFC9-B22B-E712-C40C-89A4475204BB}.Release|Any CPU.Build.0 = Release|Any CPU
	EndGlobalSection
	GlobalSection(SolutionProperties) = preSolution
		HideSolutionNode = FALSE
	EndGlobalSection
	GlobalSection(ExtensibilityGlobals) = postSolution
		SolutionGuid = {3171D526-3AA2-4CBC-9FF4-604C473C3C44}
	EndGlobalSection
EndGlobal
