Microsoft Visual Studio Solution File, Format Version 12.00
# Visual Studio Version 17
VisualStudioVersion = 17.5.2.0
MinimumVisualStudioVersion = 10.0.40219.1
Project("{FAE04EC0-301F-11D3-BF4B-00C04F79EFBC}") = "LojaSeuManoel.WebApi", "LojaSeuManoel.WebApi.csproj", "{17656E4B-8D1D-CB30-A00F-26379A188833}"
EndProject
Global
	GlobalSection(SolutionConfigurationPlatforms) = preSolution
		Debug|Any CPU = Debug|Any CPU
		Release|Any CPU = Release|Any CPU
	EndGlobalSection
	GlobalSection(ProjectConfigurationPlatforms) = postSolution
		{17656E4B-8D1D-CB30-A00F-26379A188833}.Debug|Any CPU.ActiveCfg = Debug|Any CPU
		{17656E4B-8D1D-CB30-A00F-26379A188833}.Debug|Any CPU.Build.0 = Debug|Any CPU
		{17656E4B-8D1D-CB30-A00F-26379A188833}.Release|Any CPU.ActiveCfg = Release|Any CPU
		{17656E4B-8D1D-CB30-A00F-26379A188833}.Release|Any CPU.Build.0 = Release|Any CPU
	EndGlobalSection
	GlobalSection(SolutionProperties) = preSolution
		HideSolutionNode = FALSE
	EndGlobalSection
	GlobalSection(ExtensibilityGlobals) = postSolution
		SolutionGuid = {1105CA07-1851-40CE-AFA6-82B67A5D50B2}
	EndGlobalSection
EndGlobal
